
Microsoft Visual Studio Solution File, Format Version 12.00
# Visual Studio Version 17
VisualStudioVersion = 17.14.37710.0 d17.14
MinimumVisualStudioVersion = 10.0.40219.1
Project("{FAE04EC0-301F-11D3-BF4B-00C04F79EFBC}") = "Loaf Drawing Program", "Loaf Drawing Program.csproj", "{243A49DE-5C52-4632-BA89-9F541AC775DA}"
EndProject
Global
	GlobalSection(SolutionConfigurationPlatforms) = preSolution
		Debug|Any CPU = Debug|Any CPU
		Release|Any CPU = Release|Any CPU
	EndGlobalSection
	GlobalSection(ProjectConfigurationPlatforms) = postSolution
		{243A49DE-5C52-4632-BA89-9F541AC775DA}.Debug|Any CPU.ActiveCfg = Debug|Any CPU
		{243A49DE-5C52-4632-BA89-9F541AC775DA}.Debug|Any CPU.Build.0 = Debug|Any CPU
		{243A49DE-5C52-4632-BA89-9F541AC775DA}.Release|Any CPU.ActiveCfg = Release|Any CPU
		{243A49DE-5C52-4632-BA89-9F541AC775DA}.Release|Any CPU.Build.0 = Release|Any CPU
	EndGlobalSection
	GlobalSection(SolutionProperties) = preSolution
		HideSolutionNode = FALSE
	EndGlobalSection
	GlobalSection(ExtensibilityGlobals) = postSolution
		SolutionGuid = {312F04CB-8E72-442B-B62A-A21F6F95C910}
	EndGlobalSection
EndGlobal
